
Microsoft Visual Studio Solution File, Format Version 11.00
# Visual Studio 2010
Project("{8BC9CEB8-8B4A-11D0-8D11-00A0C91BC942}") = "bla3dscan_qt", "bla3dscan_qt.vcxproj", "{D7719BDE-1A85-4F03-9FDD-CB477FFAF099}"
EndProject
Global
	GlobalSection(SolutionConfigurationPlatforms) = preSolution
		Debug|Win32 = Debug|Win32
		Release|Win32 = Release|Win32
	EndGlobalSection
	GlobalSection(ProjectConfigurationPlatforms) = postSolution
		{D7719BDE-1A85-4F03-9FDD-CB477FFAF099}.Debug|Win32.ActiveCfg = Debug|Win32
		{D7719BDE-1A85-4F03-9FDD-CB477FFAF099}.Debug|Win32.Build.0 = Debug|Win32
		{D7719BDE-1A85-4F03-9FDD-CB477FFAF099}.Release|Win32.ActiveCfg = Release|Win32
		{D7719BDE-1A85-4F03-9FDD-CB477FFAF099}.Release|Win32.Build.0 = Release|Win32
	EndGlobalSection
	GlobalSection(SolutionProperties) = preSolution
		HideSolutionNode = FALSE
	EndGlobalSection
EndGlobal
